
Microsoft Visual Studio Solution File, Format Version 12.00
# Visual Studio Version 16
VisualStudioVersion = 16.0.29519.181
MinimumVisualStudioVersion = 10.0.40219.1
Project("{FAE04EC0-301F-11D3-BF4B-00C04F79EFBC}") = "Machelle_Bakker_Code_Challenge_TKB_April_2020", "Machelle_Bakker_Code_Challenge_TKB_April_2020\Machelle_Bakker_Code_Challenge_TKB_April_2020.csproj", "{A6AC9AFF-5649-4667-B28B-A9C7464ED0C6}"
EndProject
Global
	GlobalSection(SolutionConfigurationPlatforms) = preSolution
		Debug|Any CPU = Debug|Any CPU
		Release|Any CPU = Release|Any CPU
	EndGlobalSection
	GlobalSection(ProjectConfigurationPlatforms) = postSolution
		{A6AC9AFF-5649-4667-B28B-A9C7464ED0C6}.Debug|Any CPU.ActiveCfg = Debug|Any CPU
		{A6AC9AFF-5649-4667-B28B-A9C7464ED0C6}.Debug|Any CPU.Build.0 = Debug|Any CPU
		{A6AC9AFF-5649-4667-B28B-A9C7464ED0C6}.Release|Any CPU.ActiveCfg = Release|Any CPU
		{A6AC9AFF-5649-4667-B28B-A9C7464ED0C6}.Release|Any CPU.Build.0 = Release|Any CPU
	EndGlobalSection
	GlobalSection(SolutionProperties) = preSolution
		HideSolutionNode = FALSE
	EndGlobalSection
	GlobalSection(ExtensibilityGlobals) = postSolution
		SolutionGuid = {A044A30D-3146-4643-BB17-A8518C31B709}
	EndGlobalSection
EndGlobal
